
Microsoft Visual Studio Solution File, Format Version 12.00
# Visual Studio 14
VisualStudioVersion = 14.0.25123.0
MinimumVisualStudioVersion = 10.0.40219.1
Project("{2150E333-8FDC-42A3-9474-1A3956D46DE8}") = "AutoDesk.Client", "AutoDesk.Client", "{9E8319AB-CB91-48AE-B5E4-734B3455A283}"
EndProject
Project("{FAE04EC0-301F-11D3-BF4B-00C04F79EFBC}") = "AutoDesk.Client.Shell", "AutoDesk.Client.Shell\AutoDesk.Client.Shell.csproj", "{90F7F603-5BF0-4F50-B481-3DC1B8E6BDB5}"
	ProjectSection(ProjectDependencies) = postProject
		{5E2BB041-6F22-482B-9F27-C96C79ED0A56} = {5E2BB041-6F22-482B-9F27-C96C79ED0A56}
		{9D3C6D47-41D7-41B1-82BD-263F37FB97A4} = {9D3C6D47-41D7-41B1-82BD-263F37FB97A4}
	EndProjectSection
EndProject
Project("{FAE04EC0-301F-11D3-BF4B-00C04F79EFBC}") = "AutoDesk.Client.CarCompany", "AutoDesk.Client.CarCompany\AutoDesk.Client.CarCompany.csproj", "{AD5FD085-6175-4075-851A-A23E2EA13FCA}"
	ProjectSection(ProjectDependencies) = postProject
		{5E2BB041-6F22-482B-9F27-C96C79ED0A56} = {5E2BB041-6F22-482B-9F27-C96C79ED0A56}
		{9D3C6D47-41D7-41B1-82BD-263F37FB97A4} = {9D3C6D47-41D7-41B1-82BD-263F37FB97A4}
	EndProjectSection
EndProject
Project("{FAE04EC0-301F-11D3-BF4B-00C04F79EFBC}") = "AutoDesk.Client.Purchaser", "AutoDesk.Client.Purchaser\AutoDesk.Client.Purchaser.csproj", "{08837B87-4E98-44FE-8524-A0359AEF2D13}"
	ProjectSection(ProjectDependencies) = postProject
		{5E2BB041-6F22-482B-9F27-C96C79ED0A56} = {5E2BB041-6F22-482B-9F27-C96C79ED0A56}
	EndProjectSection
EndProject
Project("{2150E333-8FDC-42A3-9474-1A3956D46DE8}") = "AutoDesk.Server", "AutoDesk.Server", "{9D6494E1-A06F-47D4-9341-4F1D8BF57C83}"
EndProject
Project("{FAE04EC0-301F-11D3-BF4B-00C04F79EFBC}") = "AutoDesk.Server", "AutoDesk.Server.Web\AutoDesk.Server.csproj", "{9D3C6D47-41D7-41B1-82BD-263F37FB97A4}"
EndProject
Project("{2150E333-8FDC-42A3-9474-1A3956D46DE8}") = "BussinessRule", "BussinessRule", "{8071468A-7261-48C6-B5A4-12D7C39AC1D1}"
EndProject
Project("{FAE04EC0-301F-11D3-BF4B-00C04F79EFBC}") = "BussinessRule", "BussinessRule\BussinessRule.csproj", "{925FB6C9-28AC-442B-A5A4-CA94060568B2}"
EndProject
Project("{2150E333-8FDC-42A3-9474-1A3956D46DE8}") = "Data", "Data", "{C2814238-A9B8-40E9-BB4A-7E71E2B81AFE}"
EndProject
Project("{FAE04EC0-301F-11D3-BF4B-00C04F79EFBC}") = "Data", "Data\Data.csproj", "{51D5894D-AD67-462A-A852-752FF7BB8ADF}"
EndProject
Project("{FAE04EC0-301F-11D3-BF4B-00C04F79EFBC}") = "AutoDesk.Web", "Client\AutoDesk.Web.csproj", "{5E2BB041-6F22-482B-9F27-C96C79ED0A56}"
EndProject
Project("{FAE04EC0-301F-11D3-BF4B-00C04F79EFBC}") = "AutoDesk.Client.Common", "AutoDesk.Client.Common\AutoDesk.Client.Common.csproj", "{CCA522C6-8FE0-44A4-A59F-25039C0D26BB}"
EndProject
Project("{FAE04EC0-301F-11D3-BF4B-00C04F79EFBC}") = "AutoDesk.PCL.Common", "AutoDesk.PCL.Common\AutoDesk.PCL.Common.csproj", "{20DBDCF6-CCF4-4B53-915C-C99E5CD1809C}"
EndProject
Project("{FAE04EC0-301F-11D3-BF4B-00C04F79EFBC}") = "AutoDesk.Client.Proxy", "AutoDesk.Client.Proxy\AutoDesk.Client.Proxy.csproj", "{5D9B5FCD-62B5-45BA-8BC2-F84289372D2F}"
EndProject
Global
	GlobalSection(SolutionConfigurationPlatforms) = preSolution
		Debug|Any CPU = Debug|Any CPU
		Release|Any CPU = Release|Any CPU
	EndGlobalSection
	GlobalSection(ProjectConfigurationPlatforms) = postSolution
		{90F7F603-5BF0-4F50-B481-3DC1B8E6BDB5}.Debug|Any CPU.ActiveCfg = Debug|Any CPU
		{90F7F603-5BF0-4F50-B481-3DC1B8E6BDB5}.Debug|Any CPU.Build.0 = Debug|Any CPU
		{90F7F603-5BF0-4F50-B481-3DC1B8E6BDB5}.Release|Any CPU.ActiveCfg = Release|Any CPU
		{90F7F603-5BF0-4F50-B481-3DC1B8E6BDB5}.Release|Any CPU.Build.0 = Release|Any CPU
		{AD5FD085-6175-4075-851A-A23E2EA13FCA}.Debug|Any CPU.ActiveCfg = Debug|Any CPU
		{AD5FD085-6175-4075-851A-A23E2EA13FCA}.Debug|Any CPU.Build.0 = Debug|Any CPU
		{AD5FD085-6175-4075-851A-A23E2EA13FCA}.Release|Any CPU.ActiveCfg = Release|Any CPU
		{AD5FD085-6175-4075-851A-A23E2EA13FCA}.Release|Any CPU.Build.0 = Release|Any CPU
		{08837B87-4E98-44FE-8524-A0359AEF2D13}.Debug|Any CPU.ActiveCfg = Debug|Any CPU
		{08837B87-4E98-44FE-8524-A0359AEF2D13}.Debug|Any CPU.Build.0 = Debug|Any CPU
		{08837B87-4E98-44FE-8524-A0359AEF2D13}.Release|Any CPU.ActiveCfg = Release|Any CPU
		{08837B87-4E98-44FE-8524-A0359AEF2D13}.Release|Any CPU.Build.0 = Release|Any CPU
		{9D3C6D47-41D7-41B1-82BD-263F37FB97A4}.Debug|Any CPU.ActiveCfg = Debug|Any CPU
		{9D3C6D47-41D7-41B1-82BD-263F37FB97A4}.Debug|Any CPU.Build.0 = Debug|Any CPU
		{9D3C6D47-41D7-41B1-82BD-263F37FB97A4}.Release|Any CPU.ActiveCfg = Release|Any CPU
		{9D3C6D47-41D7-41B1-82BD-263F37FB97A4}.Release|Any CPU.Build.0 = Release|Any CPU
		{925FB6C9-28AC-442B-A5A4-CA94060568B2}.Debug|Any CPU.ActiveCfg = Debug|Any CPU
		{925FB6C9-28AC-442B-A5A4-CA94060568B2}.Debug|Any CPU.Build.0 = Debug|Any CPU
		{925FB6C9-28AC-442B-A5A4-CA94060568B2}.Release|Any CPU.ActiveCfg = Release|Any CPU
		{925FB6C9-28AC-442B-A5A4-CA94060568B2}.Release|Any CPU.Build.0 = Release|Any CPU
		{51D5894D-AD67-462A-A852-752FF7BB8ADF}.Debug|Any CPU.ActiveCfg = Debug|Any CPU
		{51D5894D-AD67-462A-A852-752FF7BB8ADF}.Debug|Any CPU.Build.0 = Debug|Any CPU
		{51D5894D-AD67-462A-A852-752FF7BB8ADF}.Release|Any CPU.ActiveCfg = Release|Any CPU
		{51D5894D-AD67-462A-A852-752FF7BB8ADF}.Release|Any CPU.Build.0 = Release|Any CPU
		{5E2BB041-6F22-482B-9F27-C96C79ED0A56}.Debug|Any CPU.ActiveCfg = Debug|Any CPU
		{5E2BB041-6F22-482B-9F27-C96C79ED0A56}.Debug|Any CPU.Build.0 = Debug|Any CPU
		{5E2BB041-6F22-482B-9F27-C96C79ED0A56}.Release|Any CPU.ActiveCfg = Release|Any CPU
		{5E2BB041-6F22-482B-9F27-C96C79ED0A56}.Release|Any CPU.Build.0 = Release|Any CPU
		{CCA522C6-8FE0-44A4-A59F-25039C0D26BB}.Debug|Any CPU.ActiveCfg = Debug|Any CPU
		{CCA522C6-8FE0-44A4-A59F-25039C0D26BB}.Debug|Any CPU.Build.0 = Debug|Any CPU
		{CCA522C6-8FE0-44A4-A59F-25039C0D26BB}.Release|Any CPU.ActiveCfg = Release|Any CPU
		{CCA522C6-8FE0-44A4-A59F-25039C0D26BB}.Release|Any CPU.Build.0 = Release|Any CPU
		{20DBDCF6-CCF4-4B53-915C-C99E5CD1809C}.Debug|Any CPU.ActiveCfg = Debug|Any CPU
		{20DBDCF6-CCF4-4B53-915C-C99E5CD1809C}.Debug|Any CPU.Build.0 = Debug|Any CPU
		{20DBDCF6-CCF4-4B53-915C-C99E5CD1809C}.Release|Any CPU.ActiveCfg = Release|Any CPU
		{20DBDCF6-CCF4-4B53-915C-C99E5CD1809C}.Release|Any CPU.Build.0 = Release|Any CPU
		{5D9B5FCD-62B5-45BA-8BC2-F84289372D2F}.Debug|Any CPU.ActiveCfg = Debug|Any CPU
		{5D9B5FCD-62B5-45BA-8BC2-F84289372D2F}.Debug|Any CPU.Build.0 = Debug|Any CPU
		{5D9B5FCD-62B5-45BA-8BC2-F84289372D2F}.Release|Any CPU.ActiveCfg = Release|Any CPU
		{5D9B5FCD-62B5-45BA-8BC2-F84289372D2F}.Release|Any CPU.Build.0 = Release|Any CPU
	EndGlobalSection
	GlobalSection(SolutionProperties) = preSolution
		HideSolutionNode = FALSE
	EndGlobalSection
	GlobalSection(NestedProjects) = preSolution
		{90F7F603-5BF0-4F50-B481-3DC1B8E6BDB5} = {9E8319AB-CB91-48AE-B5E4-734B3455A283}
		{AD5FD085-6175-4075-851A-A23E2EA13FCA} = {9E8319AB-CB91-48AE-B5E4-734B3455A283}
		{08837B87-4E98-44FE-8524-A0359AEF2D13} = {9E8319AB-CB91-48AE-B5E4-734B3455A283}
		{9D3C6D47-41D7-41B1-82BD-263F37FB97A4} = {9D6494E1-A06F-47D4-9341-4F1D8BF57C83}
		{925FB6C9-28AC-442B-A5A4-CA94060568B2} = {8071468A-7261-48C6-B5A4-12D7C39AC1D1}
		{51D5894D-AD67-462A-A852-752FF7BB8ADF} = {C2814238-A9B8-40E9-BB4A-7E71E2B81AFE}
		{5E2BB041-6F22-482B-9F27-C96C79ED0A56} = {9D6494E1-A06F-47D4-9341-4F1D8BF57C83}
		{CCA522C6-8FE0-44A4-A59F-25039C0D26BB} = {9E8319AB-CB91-48AE-B5E4-734B3455A283}
		{5D9B5FCD-62B5-45BA-8BC2-F84289372D2F} = {9E8319AB-CB91-48AE-B5E4-734B3455A283}
	EndGlobalSection
EndGlobal
